
Microsoft Visual Studio Solution File, Format Version 12.00
# Visual Studio Version 17
VisualStudioVersion = 17.7.34221.43
MinimumVisualStudioVersion = 10.0.40219.1
Project("{FAE04EC0-301F-11D3-BF4B-00C04F79EFBC}") = "CMMVVM", "CMMVVM\CMMVVM.csproj", "{47CC975B-41A8-43B4-9E33-9FD1EA57DC5D}"
EndProject
Global
	GlobalSection(SolutionConfigurationPlatforms) = preSolution
		Debug|Any CPU = Debug|Any CPU
		Release|Any CPU = Release|Any CPU
	EndGlobalSection
	GlobalSection(ProjectConfigurationPlatforms) = postSolution
		{47CC975B-41A8-43B4-9E33-9FD1EA57DC5D}.Debug|Any CPU.ActiveCfg = Debug|Any CPU
		{47CC975B-41A8-43B4-9E33-9FD1EA57DC5D}.Debug|Any CPU.Build.0 = Debug|Any CPU
		{47CC975B-41A8-43B4-9E33-9FD1EA57DC5D}.Debug|Any CPU.Deploy.0 = Debug|Any CPU
		{47CC975B-41A8-43B4-9E33-9FD1EA57DC5D}.Release|Any CPU.ActiveCfg = Release|Any CPU
		{47CC975B-41A8-43B4-9E33-9FD1EA57DC5D}.Release|Any CPU.Build.0 = Release|Any CPU
		{47CC975B-41A8-43B4-9E33-9FD1EA57DC5D}.Release|Any CPU.Deploy.0 = Release|Any CPU
	EndGlobalSection
	GlobalSection(SolutionProperties) = preSolution
		HideSolutionNode = FALSE
	EndGlobalSection
	GlobalSection(ExtensibilityGlobals) = postSolution
		SolutionGuid = {F77D169E-B65D-47C9-9C4C-EEE8C962951A}
	EndGlobalSection
EndGlobal
